// !$*UTF8*$!
{
	archiveVersion = 1;
	classes = {
	};
	objectVersion = 46;
	objects = {

/* Begin PBXBuildFile section */
		77BA6BAA0EACF35F10232810 /* libPods-AFAccumulating.a in Frameworks */ = {isa = PBXBuildFile; fileRef = 80D9A0B89707CBBCEAEF7B6E /* libPods-AFAccumulating.a */; };
		9677E02111AA8F422FDBCB5C /* libPods-AFAccumulatingUITests.a in Frameworks */ = {isa = PBXBuildFile; fileRef = A1C9D48B0DF84A992E27B457 /* libPods-AFAccumulatingUITests.a */; };
		E15928FF1F593F3F00D585EF /* AFKyushuView.m in Sources */ = {isa = PBXBuildFile; fileRef = E15928FE1F593F3F00D585EF /* AFKyushuView.m */; };
		E159291A1F594A4100D585EF /* NSDate+AFDealTime.m in Sources */ = {isa = PBXBuildFile; fileRef = E15929051F594A4100D585EF /* NSDate+AFDealTime.m */; };
		E159291B1F594A4100D585EF /* NSNull+AFNullCast.m in Sources */ = {isa = PBXBuildFile; fileRef = E15929071F594A4100D585EF /* NSNull+AFNullCast.m */; };
		E159291C1F594A4100D585EF /* NSString+AFURL.m in Sources */ = {isa = PBXBuildFile; fileRef = E15929091F594A4100D585EF /* NSString+AFURL.m */; };
		E159291D1F594A4100D585EF /* UIBarButtonItem+AFItem.m in Sources */ = {isa = PBXBuildFile; fileRef = E159290C1F594A4100D585EF /* UIBarButtonItem+AFItem.m */; };
		E159291E1F594A4100D585EF /* UIColor+AFColorSet.m in Sources */ = {isa = PBXBuildFile; fileRef = E159290E1F594A4100D585EF /* UIColor+AFColorSet.m */; };
		E159291F1F594A4100D585EF /* UIImage+AFAntialias.m in Sources */ = {isa = PBXBuildFile; fileRef = E15929101F594A4100D585EF /* UIImage+AFAntialias.m */; };
		E15929201F594A4100D585EF /* UIImage+Image.m in Sources */ = {isa = PBXBuildFile; fileRef = E15929121F594A4100D585EF /* UIImage+Image.m */; };
		E15929211F594A4100D585EF /* UITextField+AFPlaceHolderColor.m in Sources */ = {isa = PBXBuildFile; fileRef = E15929141F594A4100D585EF /* UITextField+AFPlaceHolderColor.m */; };
		E15929221F594A4100D585EF /* UIView+AFFrame.m in Sources */ = {isa = PBXBuildFile; fileRef = E15929161F594A4100D585EF /* UIView+AFFrame.m */; };
		E1789A511F4EABE7009B6A81 /* AFAppItem.m in Sources */ = {isa = PBXBuildFile; fileRef = E1789A501F4EABE7009B6A81 /* AFAppItem.m */; };
		E18D00961F57F61000A22B9B /* UIResponder+Router.m in Sources */ = {isa = PBXBuildFile; fileRef = E18D00941F57F61000A22B9B /* UIResponder+Router.m */; };
		E1C78CBE1F4D8B41000BEA17 /* main.m in Sources */ = {isa = PBXBuildFile; fileRef = E1C78CBD1F4D8B41000BEA17 /* main.m */; };
		E1C78CC11F4D8B41000BEA17 /* AppDelegate.m in Sources */ = {isa = PBXBuildFile; fileRef = E1C78CC01F4D8B41000BEA17 /* AppDelegate.m */; };
		E1C78CC41F4D8B41000BEA17 /* ViewController.m in Sources */ = {isa = PBXBuildFile; fileRef = E1C78CC31F4D8B41000BEA17 /* ViewController.m */; };
		E1C78CC71F4D8B41000BEA17 /* Main.storyboard in Resources */ = {isa = PBXBuildFile; fileRef = E1C78CC51F4D8B41000BEA17 /* Main.storyboard */; };
		E1C78CC91F4D8B41000BEA17 /* Assets.xcassets in Resources */ = {isa = PBXBuildFile; fileRef = E1C78CC81F4D8B41000BEA17 /* Assets.xcassets */; };
		E1C78CCC1F4D8B41000BEA17 /* LaunchScreen.storyboard in Resources */ = {isa = PBXBuildFile; fileRef = E1C78CCA1F4D8B41000BEA17 /* LaunchScreen.storyboard */; };
		E1C78CD71F4D8B41000BEA17 /* AFAccumulatingUITests.m in Sources */ = {isa = PBXBuildFile; fileRef = E1C78CD61F4D8B41000BEA17 /* AFAccumulatingUITests.m */; };
/* End PBXBuildFile section */

/* Begin PBXContainerItemProxy section */
		E1C78CD31F4D8B41000BEA17 /* PBXContainerItemProxy */ = {
			isa = PBXContainerItemProxy;
			containerPortal = E1C78CB11F4D8B41000BEA17 /* Project object */;
			proxyType = 1;
			remoteGlobalIDString = E1C78CB81F4D8B41000BEA17;
			remoteInfo = AFAccumulating;
		};
/* End PBXContainerItemProxy section */

/* Begin PBXFileReference section */
		46FD650EED136C43755DA8AD /* Pods-AFAccumulating.release.xcconfig */ = {isa = PBXFileReference; includeInIndex = 1; lastKnownFileType = text.xcconfig; name = "Pods-AFAccumulating.release.xcconfig"; path = "Pods/Target Support Files/Pods-AFAccumulating/Pods-AFAccumulating.release.xcconfig"; sourceTree = "<group>"; };
		4F4C982F718CE62900D5AECD /* Pods-AFAccumulatingUITests.release.xcconfig */ = {isa = PBXFileReference; includeInIndex = 1; lastKnownFileType = text.xcconfig; name = "Pods-AFAccumulatingUITests.release.xcconfig"; path = "Pods/Target Support Files/Pods-AFAccumulatingUITests/Pods-AFAccumulatingUITests.release.xcconfig"; sourceTree = "<group>"; };
		80D9A0B89707CBBCEAEF7B6E /* libPods-AFAccumulating.a */ = {isa = PBXFileReference; explicitFileType = archive.ar; includeInIndex = 0; path = "libPods-AFAccumulating.a"; sourceTree = BUILT_PRODUCTS_DIR; };
		A1C9D48B0DF84A992E27B457 /* libPods-AFAccumulatingUITests.a */ = {isa = PBXFileReference; explicitFileType = archive.ar; includeInIndex = 0; path = "libPods-AFAccumulatingUITests.a"; sourceTree = BUILT_PRODUCTS_DIR; };
		A80E1DB90C61E84B1F5D2DD6 /* Pods-AFAccumulatingUITests.debug.xcconfig */ = {isa = PBXFileReference; includeInIndex = 1; lastKnownFileType = text.xcconfig; name = "Pods-AFAccumulatingUITests.debug.xcconfig"; path = "Pods/Target Support Files/Pods-AFAccumulatingUITests/Pods-AFAccumulatingUITests.debug.xcconfig"; sourceTree = "<group>"; };
		BE230B8A708D841B485711AD /* Pods-AFAccumulating.debug.xcconfig */ = {isa = PBXFileReference; includeInIndex = 1; lastKnownFileType = text.xcconfig; name = "Pods-AFAccumulating.debug.xcconfig"; path = "Pods/Target Support Files/Pods-AFAccumulating/Pods-AFAccumulating.debug.xcconfig"; sourceTree = "<group>"; };
		E15928FD1F593F3F00D585EF /* AFKyushuView.h */ = {isa = PBXFileReference; fileEncoding = 4; lastKnownFileType = sourcecode.c.h; path = AFKyushuView.h; sourceTree = "<group>"; };
		E15928FE1F593F3F00D585EF /* AFKyushuView.m */ = {isa = PBXFileReference; fileEncoding = 4; lastKnownFileType = sourcecode.c.objc; path = AFKyushuView.m; sourceTree = "<group>"; };
		E15929041F594A4100D585EF /* NSDate+AFDealTime.h */ = {isa = PBXFileReference; fileEncoding = 4; lastKnownFileType = sourcecode.c.h; path = "NSDate+AFDealTime.h"; sourceTree = "<group>"; };
		E15929051F594A4100D585EF /* NSDate+AFDealTime.m */ = {isa = PBXFileReference; fileEncoding = 4; lastKnownFileType = sourcecode.c.objc; path = "NSDate+AFDealTime.m"; sourceTree = "<group>"; };
		E15929061F594A4100D585EF /* NSNull+AFNullCast.h */ = {isa = PBXFileReference; fileEncoding = 4; lastKnownFileType = sourcecode.c.h; path = "NSNull+AFNullCast.h"; sourceTree = "<group>"; };
		E15929071F594A4100D585EF /* NSNull+AFNullCast.m */ = {isa = PBXFileReference; fileEncoding = 4; lastKnownFileType = sourcecode.c.objc; path = "NSNull+AFNullCast.m"; sourceTree = "<group>"; };
		E15929081F594A4100D585EF /* NSString+AFURL.h */ = {isa = PBXFileReference; fileEncoding = 4; lastKnownFileType = sourcecode.c.h; path = "NSString+AFURL.h"; sourceTree = "<group>"; };
		E15929091F594A4100D585EF /* NSString+AFURL.m */ = {isa = PBXFileReference; fileEncoding = 4; lastKnownFileType = sourcecode.c.objc; path = "NSString+AFURL.m"; sourceTree = "<group>"; };
		E159290B1F594A4100D585EF /* UIBarButtonItem+AFItem.h */ = {isa = PBXFileReference; fileEncoding = 4; lastKnownFileType = sourcecode.c.h; path = "UIBarButtonItem+AFItem.h"; sourceTree = "<group>"; };
		E159290C1F594A4100D585EF /* UIBarButtonItem+AFItem.m */ = {isa = PBXFileReference; fileEncoding = 4; lastKnownFileType = sourcecode.c.objc; path = "UIBarButtonItem+AFItem.m"; sourceTree = "<group>"; };
		E159290D1F594A4100D585EF /* UIColor+AFColorSet.h */ = {isa = PBXFileReference; fileEncoding = 4; lastKnownFileType = sourcecode.c.h; path = "UIColor+AFColorSet.h"; sourceTree = "<group>"; };
		E159290E1F594A4100D585EF /* UIColor+AFColorSet.m */ = {isa = PBXFileReference; fileEncoding = 4; lastKnownFileType = sourcecode.c.objc; path = "UIColor+AFColorSet.m"; sourceTree = "<group>"; };
		E159290F1F594A4100D585EF /* UIImage+AFAntialias.h */ = {isa = PBXFileReference; fileEncoding = 4; lastKnownFileType = sourcecode.c.h; path = "UIImage+AFAntialias.h"; sourceTree = "<group>"; };
		E15929101F594A4100D585EF /* UIImage+AFAntialias.m */ = {isa = PBXFileReference; fileEncoding = 4; lastKnownFileType = sourcecode.c.objc; path = "UIImage+AFAntialias.m"; sourceTree = "<group>"; };
		E15929111F594A4100D585EF /* UIImage+Image.h */ = {isa = PBXFileReference; fileEncoding = 4; lastKnownFileType = sourcecode.c.h; path = "UIImage+Image.h"; sourceTree = "<group>"; };
		E15929121F594A4100D585EF /* UIImage+Image.m */ = {isa = PBXFileReference; fileEncoding = 4; lastKnownFileType = sourcecode.c.objc; path = "UIImage+Image.m"; sourceTree = "<group>"; };
		E15929131F594A4100D585EF /* UITextField+AFPlaceHolderColor.h */ = {isa = PBXFileReference; fileEncoding = 4; lastKnownFileType = sourcecode.c.h; path = "UITextField+AFPlaceHolderColor.h"; sourceTree = "<group>"; };
		E15929141F594A4100D585EF /* UITextField+AFPlaceHolderColor.m */ = {isa = PBXFileReference; fileEncoding = 4; lastKnownFileType = sourcecode.c.objc; path = "UITextField+AFPlaceHolderColor.m"; sourceTree = "<group>"; };
		E15929151F594A4100D585EF /* UIView+AFFrame.h */ = {isa = PBXFileReference; fileEncoding = 4; lastKnownFileType = sourcecode.c.h; path = "UIView+AFFrame.h"; sourceTree = "<group>"; };
		E15929161F594A4100D585EF /* UIView+AFFrame.m */ = {isa = PBXFileReference; fileEncoding = 4; lastKnownFileType = sourcecode.c.objc; path = "UIView+AFFrame.m"; sourceTree = "<group>"; };
		E1789A4F1F4EABE7009B6A81 /* AFAppItem.h */ = {isa = PBXFileReference; fileEncoding = 4; lastKnownFileType = sourcecode.c.h; path = AFAppItem.h; sourceTree = "<group>"; };
		E1789A501F4EABE7009B6A81 /* AFAppItem.m */ = {isa = PBXFileReference; fileEncoding = 4; lastKnownFileType = sourcecode.c.objc; path = AFAppItem.m; sourceTree = "<group>"; };
		E18D00941F57F61000A22B9B /* UIResponder+Router.m */ = {isa = PBXFileReference; fileEncoding = 4; lastKnownFileType = sourcecode.c.objc; name = "UIResponder+Router.m"; path = "../../UIResponder+Router.m"; sourceTree = "<group>"; };
		E18D00951F57F61000A22B9B /* UIResponder+Router.h */ = {isa = PBXFileReference; fileEncoding = 4; lastKnownFileType = sourcecode.c.h; name = "UIResponder+Router.h"; path = "../../UIResponder+Router.h"; sourceTree = "<group>"; };
		E1C78CB91F4D8B41000BEA17 /* AFAccumulating.app */ = {isa = PBXFileReference; explicitFileType = wrapper.application; includeInIndex = 0; path = AFAccumulating.app; sourceTree = BUILT_PRODUCTS_DIR; };
		E1C78CBD1F4D8B41000BEA17 /* main.m */ = {isa = PBXFileReference; lastKnownFileType = sourcecode.c.objc; path = main.m; sourceTree = "<group>"; };
		E1C78CBF1F4D8B41000BEA17 /* AppDelegate.h */ = {isa = PBXFileReference; lastKnownFileType = sourcecode.c.h; path = AppDelegate.h; sourceTree = "<group>"; };
		E1C78CC01F4D8B41000BEA17 /* AppDelegate.m */ = {isa = PBXFileReference; lastKnownFileType = sourcecode.c.objc; path = AppDelegate.m; sourceTree = "<group>"; };
		E1C78CC21F4D8B41000BEA17 /* ViewController.h */ = {isa = PBXFileReference; lastKnownFileType = sourcecode.c.h; path = ViewController.h; sourceTree = "<group>"; };
		E1C78CC31F4D8B41000BEA17 /* ViewController.m */ = {isa = PBXFileReference; lastKnownFileType = sourcecode.c.objc; path = ViewController.m; sourceTree = "<group>"; };
		E1C78CC61F4D8B41000BEA17 /* Base */ = {isa = PBXFileReference; lastKnownFileType = file.storyboard; name = Base; path = Base.lproj/Main.storyboard; sourceTree = "<group>"; };
		E1C78CC81F4D8B41000BEA17 /* Assets.xcassets */ = {isa = PBXFileReference; lastKnownFileType = folder.assetcatalog; path = Assets.xcassets; sourceTree = "<group>"; };
		E1C78CCB1F4D8B41000BEA17 /* Base */ = {isa = PBXFileReference; lastKnownFileType = file.storyboard; name = Base; path = Base.lproj/LaunchScreen.storyboard; sourceTree = "<group>"; };
		E1C78CCD1F4D8B41000BEA17 /* Info.plist */ = {isa = PBXFileReference; lastKnownFileType = text.plist.xml; path = Info.plist; sourceTree = "<group>"; };
		E1C78CD21F4D8B41000BEA17 /* AFAccumulatingUITests.xctest */ = {isa = PBXFileReference; explicitFileType = wrapper.cfbundle; includeInIndex = 0; path = AFAccumulatingUITests.xctest; sourceTree = BUILT_PRODUCTS_DIR; };
		E1C78CD61F4D8B41000BEA17 /* AFAccumulatingUITests.m */ = {isa = PBXFileReference; lastKnownFileType = sourcecode.c.objc; path = AFAccumulatingUITests.m; sourceTree = "<group>"; };
		E1C78CD81F4D8B41000BEA17 /* Info.plist */ = {isa = PBXFileReference; lastKnownFileType = text.plist.xml; path = Info.plist; sourceTree = "<group>"; };
/* End PBXFileReference section */

/* Begin PBXFrameworksBuildPhase section */
		E1C78CB61F4D8B41000BEA17 /* Frameworks */ = {
			isa = PBXFrameworksBuildPhase;
			buildActionMask = 2147483647;
			files = (
				77BA6BAA0EACF35F10232810 /* libPods-AFAccumulating.a in Frameworks */,
			);
			runOnlyForDeploymentPostprocessing = 0;
		};
		E1C78CCF1F4D8B41000BEA17 /* Frameworks */ = {
			isa = PBXFrameworksBuildPhase;
			buildActionMask = 2147483647;
			files = (
				9677E02111AA8F422FDBCB5C /* libPods-AFAccumulatingUITests.a in Frameworks */,
			);
			runOnlyForDeploymentPostprocessing = 0;
		};
/* End PBXFrameworksBuildPhase section */

/* Begin PBXGroup section */
		2144D7776141F51A00B9BA05 /* Frameworks */ = {
			isa = PBXGroup;
			children = (
				80D9A0B89707CBBCEAEF7B6E /* libPods-AFAccumulating.a */,
				A1C9D48B0DF84A992E27B457 /* libPods-AFAccumulatingUITests.a */,
			);
			name = Frameworks;
			sourceTree = "<group>";
		};
		9543073B0BB65AC5312CF8E6 /* Pods */ = {
			isa = PBXGroup;
			children = (
				BE230B8A708D841B485711AD /* Pods-AFAccumulating.debug.xcconfig */,
				46FD650EED136C43755DA8AD /* Pods-AFAccumulating.release.xcconfig */,
				A80E1DB90C61E84B1F5D2DD6 /* Pods-AFAccumulatingUITests.debug.xcconfig */,
				4F4C982F718CE62900D5AECD /* Pods-AFAccumulatingUITests.release.xcconfig */,
			);
			name = Pods;
			sourceTree = "<group>";
		};
		E15928FB1F593DC900D585EF /* encapsulation */ = {
			isa = PBXGroup;
			children = (
				E15928FD1F593F3F00D585EF /* AFKyushuView.h */,
				E15928FE1F593F3F00D585EF /* AFKyushuView.m */,
			);
			name = encapsulation;
			sourceTree = "<group>";
		};
		E15929001F593F5A00D585EF /* Model */ = {
			isa = PBXGroup;
			children = (
				E1789A4F1F4EABE7009B6A81 /* AFAppItem.h */,
				E1789A501F4EABE7009B6A81 /* AFAppItem.m */,
			);
			name = Model;
			sourceTree = "<group>";
		};
		E15929011F594A4100D585EF /* Tools */ = {
			isa = PBXGroup;
			children = (
				E15929021F594A4100D585EF /* Category */,
				E15929171F594A4100D585EF /* Configration */,
				E15929181F594A4100D585EF /* OGFRequest */,
				E15929191F594A4100D585EF /* 未命名文件夹 */,
			);
			path = Tools;
			sourceTree = "<group>";
		};
		E15929021F594A4100D585EF /* Category */ = {
			isa = PBXGroup;
			children = (
				E15929031F594A4100D585EF /* NS */,
				E159290A1F594A4100D585EF /* UI */,
			);
			path = Category;
			sourceTree = "<group>";
		};
		E15929031F594A4100D585EF /* NS */ = {
			isa = PBXGroup;
			children = (
				E15929041F594A4100D585EF /* NSDate+AFDealTime.h */,
				E15929051F594A4100D585EF /* NSDate+AFDealTime.m */,
				E15929061F594A4100D585EF /* NSNull+AFNullCast.h */,
				E15929071F594A4100D585EF /* NSNull+AFNullCast.m */,
				E15929081F594A4100D585EF /* NSString+AFURL.h */,
				E15929091F594A4100D585EF /* NSString+AFURL.m */,
			);
			path = NS;
			sourceTree = "<group>";
		};
		E159290A1F594A4100D585EF /* UI */ = {
			isa = PBXGroup;
			children = (
				E159290B1F594A4100D585EF /* UIBarButtonItem+AFItem.h */,
				E159290C1F594A4100D585EF /* UIBarButtonItem+AFItem.m */,
				E159290D1F594A4100D585EF /* UIColor+AFColorSet.h */,
				E159290E1F594A4100D585EF /* UIColor+AFColorSet.m */,
				E159290F1F594A4100D585EF /* UIImage+AFAntialias.h */,
				E15929101F594A4100D585EF /* UIImage+AFAntialias.m */,
				E15929111F594A4100D585EF /* UIImage+Image.h */,
				E15929121F594A4100D585EF /* UIImage+Image.m */,
				E15929131F594A4100D585EF /* UITextField+AFPlaceHolderColor.h */,
				E15929141F594A4100D585EF /* UITextField+AFPlaceHolderColor.m */,
				E15929151F594A4100D585EF /* UIView+AFFrame.h */,
				E15929161F594A4100D585EF /* UIView+AFFrame.m */,
			);
			path = UI;
			sourceTree = "<group>";
		};
		E15929171F594A4100D585EF /* Configration */ = {
			isa = PBXGroup;
			children = (
				E18D00941F57F61000A22B9B /* UIResponder+Router.m */,
				E18D00951F57F61000A22B9B /* UIResponder+Router.h */,
			);
			path = Configration;
			sourceTree = "<group>";
		};
		E15929181F594A4100D585EF /* OGFRequest */ = {
			isa = PBXGroup;
			children = (
			);
			path = OGFRequest;
			sourceTree = "<group>";
		};
		E15929191F594A4100D585EF /* 未命名文件夹 */ = {
			isa = PBXGroup;
			children = (
			);
			path = "未命名文件夹";
			sourceTree = "<group>";
		};
		E1C78CB01F4D8B41000BEA17 = {
			isa = PBXGroup;
			children = (
				E1C78CBB1F4D8B41000BEA17 /* AFAccumulating */,
				E1C78CD51F4D8B41000BEA17 /* AFAccumulatingUITests */,
				E1C78CBA1F4D8B41000BEA17 /* Products */,
				9543073B0BB65AC5312CF8E6 /* Pods */,
				2144D7776141F51A00B9BA05 /* Frameworks */,
			);
			sourceTree = "<group>";
		};
		E1C78CBA1F4D8B41000BEA17 /* Products */ = {
			isa = PBXGroup;
			children = (
				E1C78CB91F4D8B41000BEA17 /* AFAccumulating.app */,
				E1C78CD21F4D8B41000BEA17 /* AFAccumulatingUITests.xctest */,
			);
			name = Products;
			sourceTree = "<group>";
		};
		E1C78CBB1F4D8B41000BEA17 /* AFAccumulating */ = {
			isa = PBXGroup;
			children = (
				E15929011F594A4100D585EF /* Tools */,
				E1C78CBF1F4D8B41000BEA17 /* AppDelegate.h */,
				E1C78CC01F4D8B41000BEA17 /* AppDelegate.m */,
				E1C78CC21F4D8B41000BEA17 /* ViewController.h */,
				E1C78CC31F4D8B41000BEA17 /* ViewController.m */,
				E15929001F593F5A00D585EF /* Model */,
				E15928FB1F593DC900D585EF /* encapsulation */,
				E1C78CBC1F4D8B41000BEA17 /* Supporting Files */,
			);
			path = AFAccumulating;
			sourceTree = "<group>";
		};
		E1C78CBC1F4D8B41000BEA17 /* Supporting Files */ = {
			isa = PBXGroup;
			children = (
				E1C78CC51F4D8B41000BEA17 /* Main.storyboard */,
				E1C78CC81F4D8B41000BEA17 /* Assets.xcassets */,
				E1C78CCA1F4D8B41000BEA17 /* LaunchScreen.storyboard */,
				E1C78CCD1F4D8B41000BEA17 /* Info.plist */,
				E1C78CBD1F4D8B41000BEA17 /* main.m */,
			);
			name = "Supporting Files";
			sourceTree = "<group>";
		};
		E1C78CD51F4D8B41000BEA17 /* AFAccumulatingUITests */ = {
			isa = PBXGroup;
			children = (
				E1C78CD61F4D8B41000BEA17 /* AFAccumulatingUITests.m */,
				E1C78CD81F4D8B41000BEA17 /* Info.plist */,
			);
			path = AFAccumulatingUITests;
			sourceTree = "<group>";
		};
/* End PBXGroup section */

/* Begin PBXNativeTarget section */
		E1C78CB81F4D8B41000BEA17 /* AFAccumulating */ = {
			isa = PBXNativeTarget;
			buildConfigurationList = E1C78CDB1F4D8B41000BEA17 /* Build configuration list for PBXNativeTarget "AFAccumulating" */;
			buildPhases = (
				B57534051E0267F7349BEB1E /* [CP] Check Pods Manifest.lock */,
				E1C78CB51F4D8B41000BEA17 /* Sources */,
				E1C78CB61F4D8B41000BEA17 /* Frameworks */,
				E1C78CB71F4D8B41000BEA17 /* Resources */,
				CFF79CD9EFCB972EF56FE35D /* [CP] Embed Pods Frameworks */,
				6DD5739F9D322FDAE16478F9 /* [CP] Copy Pods Resources */,
			);
			buildRules = (
			);
			dependencies = (
			);
			name = AFAccumulating;
			productName = AFAccumulating;
			productReference = E1C78CB91F4D8B41000BEA17 /* AFAccumulating.app */;
			productType = "com.apple.product-type.application";
		};
		E1C78CD11F4D8B41000BEA17 /* AFAccumulatingUITests */ = {
			isa = PBXNativeTarget;
			buildConfigurationList = E1C78CDE1F4D8B41000BEA17 /* Build configuration list for PBXNativeTarget "AFAccumulatingUITests" */;
			buildPhases = (
				12CB05A2E4D3FB8566194252 /* [CP] Check Pods Manifest.lock */,
				E1C78CCE1F4D8B41000BEA17 /* Sources */,
				E1C78CCF1F4D8B41000BEA17 /* Frameworks */,
				E1C78CD01F4D8B41000BEA17 /* Resources */,
				845E706E46D28D29FAF431FF /* [CP] Embed Pods Frameworks */,
				6D176BA865C4021746941F62 /* [CP] Copy Pods Resources */,
			);
			buildRules = (
			);
			dependencies = (
				E1C78CD41F4D8B41000BEA17 /* PBXTargetDependency */,
			);
			name = AFAccumulatingUITests;
			productName = AFAccumulatingUITests;
			productReference = E1C78CD21F4D8B41000BEA17 /* AFAccumulatingUITests.xctest */;
			productType = "com.apple.product-type.bundle.ui-testing";
		};
/* End PBXNativeTarget section */

/* Begin PBXProject section */
		E1C78CB11F4D8B41000BEA17 /* Project object */ = {
			isa = PBXProject;
			attributes = {
				LastUpgradeCheck = 0820;
				ORGANIZATIONNAME = FlyZKing;
				TargetAttributes = {
					E1C78CB81F4D8B41000BEA17 = {
						CreatedOnToolsVersion = 8.2.1;
						DevelopmentTeam = 99TJ338Z2H;
						ProvisioningStyle = Automatic;
					};
					E1C78CD11F4D8B41000BEA17 = {
						CreatedOnToolsVersion = 8.2.1;
						DevelopmentTeam = 99TJ338Z2H;
						ProvisioningStyle = Automatic;
						TestTargetID = E1C78CB81F4D8B41000BEA17;
					};
				};
			};
			buildConfigurationList = E1C78CB41F4D8B41000BEA17 /* Build configuration list for PBXProject "AFAccumulating" */;
			compatibilityVersion = "Xcode 3.2";
			developmentRegion = English;
			hasScannedForEncodings = 0;
			knownRegions = (
				en,
				Base,
			);
			mainGroup = E1C78CB01F4D8B41000BEA17;
			productRefGroup = E1C78CBA1F4D8B41000BEA17 /* Products */;
			projectDirPath = "";
			projectRoot = "";
			targets = (
				E1C78CB81F4D8B41000BEA17 /* AFAccumulating */,
				E1C78CD11F4D8B41000BEA17 /* AFAccumulatingUITests */,
			);
		};
/* End PBXProject section */

/* Begin PBXResourcesBuildPhase section */
		E1C78CB71F4D8B41000BEA17 /* Resources */ = {
			isa = PBXResourcesBuildPhase;
			buildActionMask = 2147483647;
			files = (
				E1C78CCC1F4D8B41000BEA17 /* LaunchScreen.storyboard in Resources */,
				E1C78CC91F4D8B41000BEA17 /* Assets.xcassets in Resources */,
				E1C78CC71F4D8B41000BEA17 /* Main.storyboard in Resources */,
			);
			runOnlyForDeploymentPostprocessing = 0;
		};
		E1C78CD01F4D8B41000BEA17 /* Resources */ = {
			isa = PBXResourcesBuildPhase;
			buildActionMask = 2147483647;
			files = (
			);
			runOnlyForDeploymentPostprocessing = 0;
		};
/* End PBXResourcesBuildPhase section */

/* Begin PBXShellScriptBuildPhase section */
		12CB05A2E4D3FB8566194252 /* [CP] Check Pods Manifest.lock */ = {
			isa = PBXShellScriptBuildPhase;
			buildActionMask = 2147483647;
			files = (
			);
			inputPaths = (
			);
			name = "[CP] Check Pods Manifest.lock";
			outputPaths = (
			);
			runOnlyForDeploymentPostprocessing = 0;
			shellPath = /bin/sh;
			shellScript = "diff \"${PODS_ROOT}/../Podfile.lock\" \"${PODS_ROOT}/Manifest.lock\" > /dev/null\nif [ $? != 0 ] ; then\n    # print error to STDERR\n    echo \"error: The sandbox is not in sync with the Podfile.lock. Run 'pod install' or update your CocoaPods installation.\" >&2\n    exit 1\nfi\n";
			showEnvVarsInLog = 0;
		};
		6D176BA865C4021746941F62 /* [CP] Copy Pods Resources */ = {
			isa = PBXShellScriptBuildPhase;
			buildActionMask = 2147483647;
			files = (
			);
			inputPaths = (
			);
			name = "[CP] Copy Pods Resources";
			outputPaths = (
			);
			runOnlyForDeploymentPostprocessing = 0;
			shellPath = /bin/sh;
			shellScript = "\"${SRCROOT}/Pods/Target Support Files/Pods-AFAccumulatingUITests/Pods-AFAccumulatingUITests-resources.sh\"\n";
			showEnvVarsInLog = 0;
		};
		6DD5739F9D322FDAE16478F9 /* [CP] Copy Pods Resources */ = {
			isa = PBXShellScriptBuildPhase;
			buildActionMask = 2147483647;
			files = (
			);
			inputPaths = (
			);
			name = "[CP] Copy Pods Resources";
			outputPaths = (
			);
			runOnlyForDeploymentPostprocessing = 0;
			shellPath = /bin/sh;
			shellScript = "\"${SRCROOT}/Pods/Target Support Files/Pods-AFAccumulating/Pods-AFAccumulating-resources.sh\"\n";
			showEnvVarsInLog = 0;
		};
		845E706E46D28D29FAF431FF /* [CP] Embed Pods Frameworks */ = {
			isa = PBXShellScriptBuildPhase;
			buildActionMask = 2147483647;
			files = (
			);
			inputPaths = (
			);
			name = "[CP] Embed Pods Frameworks";
			outputPaths = (
			);
			runOnlyForDeploymentPostprocessing = 0;
			shellPath = /bin/sh;
			shellScript = "\"${SRCROOT}/Pods/Target Support Files/Pods-AFAccumulatingUITests/Pods-AFAccumulatingUITests-frameworks.sh\"\n";
			showEnvVarsInLog = 0;
		};
		B57534051E0267F7349BEB1E /* [CP] Check Pods Manifest.lock */ = {
			isa = PBXShellScriptBuildPhase;
			buildActionMask = 2147483647;
			files = (
			);
			inputPaths = (
			);
			name = "[CP] Check Pods Manifest.lock";
			outputPaths = (
			);
			runOnlyForDeploymentPostprocessing = 0;
			shellPath = /bin/sh;
			shellScript = "diff \"${PODS_ROOT}/../Podfile.lock\" \"${PODS_ROOT}/Manifest.lock\" > /dev/null\nif [ $? != 0 ] ; then\n    # print error to STDERR\n    echo \"error: The sandbox is not in sync with the Podfile.lock. Run 'pod install' or update your CocoaPods installation.\" >&2\n    exit 1\nfi\n";
			showEnvVarsInLog = 0;
		};
		CFF79CD9EFCB972EF56FE35D /* [CP] Embed Pods Frameworks */ = {
			isa = PBXShellScriptBuildPhase;
			buildActionMask = 2147483647;
			files = (
			);
			inputPaths = (
			);
			name = "[CP] Embed Pods Frameworks";
			outputPaths = (
			);
			runOnlyForDeploymentPostprocessing = 0;
			shellPath = /bin/sh;
			shellScript = "\"${SRCROOT}/Pods/Target Support Files/Pods-AFAccumulating/Pods-AFAccumulating-frameworks.sh\"\n";
			showEnvVarsInLog = 0;
		};
/* End PBXShellScriptBuildPhase section */

/* Begin PBXSourcesBuildPhase section */
		E1C78CB51F4D8B41000BEA17 /* Sources */ = {
			isa = PBXSourcesBuildPhase;
			buildActionMask = 2147483647;
			files = (
				E1C78CC41F4D8B41000BEA17 /* ViewController.m in Sources */,
				E18D00961F57F61000A22B9B /* UIResponder+Router.m in Sources */,
				E159291B1F594A4100D585EF /* NSNull+AFNullCast.m in Sources */,
				E1789A511F4EABE7009B6A81 /* AFAppItem.m in Sources */,
				E159291A1F594A4100D585EF /* NSDate+AFDealTime.m in Sources */,
				E1C78CC11F4D8B41000BEA17 /* AppDelegate.m in Sources */,
				E15929221F594A4100D585EF /* UIView+AFFrame.m in Sources */,
				E15929211F594A4100D585EF /* UITextField+AFPlaceHolderColor.m in Sources */,
				E159291E1F594A4100D585EF /* UIColor+AFColorSet.m in Sources */,
				E15929201F594A4100D585EF /* UIImage+Image.m in Sources */,
				E15928FF1F593F3F00D585EF /* AFKyushuView.m in Sources */,
				E1C78CBE1F4D8B41000BEA17 /* main.m in Sources */,
				E159291F1F594A4100D585EF /* UIImage+AFAntialias.m in Sources */,
				E159291D1F594A4100D585EF /* UIBarButtonItem+AFItem.m in Sources */,
				E159291C1F594A4100D585EF /* NSString+AFURL.m in Sources */,
			);
			runOnlyForDeploymentPostprocessing = 0;
		};
		E1C78CCE1F4D8B41000BEA17 /* Sources */ = {
			isa = PBXSourcesBuildPhase;
			buildActionMask = 2147483647;
			files = (
				E1C78CD71F4D8B41000BEA17 /* AFAccumulatingUITests.m in Sources */,
			);
			runOnlyForDeploymentPostprocessing = 0;
		};
/* End PBXSourcesBuildPhase section */

/* Begin PBXTargetDependency section */
		E1C78CD41F4D8B41000BEA17 /* PBXTargetDependency */ = {
			isa = PBXTargetDependency;
			target = E1C78CB81F4D8B41000BEA17 /* AFAccumulating */;
			targetProxy = E1C78CD31F4D8B41000BEA17 /* PBXContainerItemProxy */;
		};
/* End PBXTargetDependency section */

/* Begin PBXVariantGroup section */
		E1C78CC51F4D8B41000BEA17 /* Main.storyboard */ = {
			isa = PBXVariantGroup;
			children = (
				E1C78CC61F4D8B41000BEA17 /* Base */,
			);
			name = Main.storyboard;
			sourceTree = "<group>";
		};
		E1C78CCA1F4D8B41000BEA17 /* LaunchScreen.storyboard */ = {
			isa = PBXVariantGroup;
			children = (
				E1C78CCB1F4D8B41000BEA17 /* Base */,
			);
			name = LaunchScreen.storyboard;
			sourceTree = "<group>";
		};
/* End PBXVariantGroup section */

/* Begin XCBuildConfiguration section */
		E1C78CD91F4D8B41000BEA17 /* Debug */ = {
			isa = XCBuildConfiguration;
			buildSettings = {
				ALWAYS_SEARCH_USER_PATHS = NO;
				CLANG_ANALYZER_NONNULL = YES;
				CLANG_CXX_LANGUAGE_STANDARD = "gnu++0x";
				CLANG_CXX_LIBRARY = "libc++";
				CLANG_ENABLE_MODULES = YES;
				CLANG_ENABLE_OBJC_ARC = YES;
				CLANG_WARN_BOOL_CONVERSION = YES;
				CLANG_WARN_CONSTANT_CONVERSION = YES;
				CLANG_WARN_DIRECT_OBJC_ISA_USAGE = YES_ERROR;
				CLANG_WARN_DOCUMENTATION_COMMENTS = YES;
				CLANG_WARN_EMPTY_BODY = YES;
				CLANG_WARN_ENUM_CONVERSION = YES;
				CLANG_WARN_INFINITE_RECURSION = YES;
				CLANG_WARN_INT_CONVERSION = YES;
				CLANG_WARN_OBJC_ROOT_CLASS = YES_ERROR;
				CLANG_WARN_SUSPICIOUS_MOVE = YES;
				CLANG_WARN_UNREACHABLE_CODE = YES;
				CLANG_WARN__DUPLICATE_METHOD_MATCH = YES;
				"CODE_SIGN_IDENTITY[sdk=iphoneos*]" = "iPhone Developer";
				COPY_PHASE_STRIP = NO;
				DEBUG_INFORMATION_FORMAT = dwarf;
				ENABLE_STRICT_OBJC_MSGSEND = YES;
				ENABLE_TESTABILITY = YES;
				GCC_C_LANGUAGE_STANDARD = gnu99;
				GCC_DYNAMIC_NO_PIC = NO;
				GCC_NO_COMMON_BLOCKS = YES;
				GCC_OPTIMIZATION_LEVEL = 0;
				GCC_PREPROCESSOR_DEFINITIONS = (
					"DEBUG=1",
					"$(inherited)",
				);
				GCC_WARN_64_TO_32_BIT_CONVERSION = YES;
				GCC_WARN_ABOUT_RETURN_TYPE = YES_ERROR;
				GCC_WARN_UNDECLARED_SELECTOR = YES;
				GCC_WARN_UNINITIALIZED_AUTOS = YES_AGGRESSIVE;
				GCC_WARN_UNUSED_FUNCTION = YES;
				GCC_WARN_UNUSED_VARIABLE = YES;
				IPHONEOS_DEPLOYMENT_TARGET = 10.2;
				MTL_ENABLE_DEBUG_INFO = YES;
				ONLY_ACTIVE_ARCH = YES;
				SDKROOT = iphoneos;
				TARGETED_DEVICE_FAMILY = "1,2";
			};
			name = Debug;
		};
		E1C78CDA1F4D8B41000BEA17 /* Release */ = {
			isa = XCBuildConfiguration;
			buildSettings = {
				ALWAYS_SEARCH_USER_PATHS = NO;
				CLANG_ANALYZER_NONNULL = YES;
				CLANG_CXX_LANGUAGE_STANDARD = "gnu++0x";
				CLANG_CXX_LIBRARY = "libc++";
				CLANG_ENABLE_MODULES = YES;
				CLANG_ENABLE_OBJC_ARC = YES;
				CLANG_WARN_BOOL_CONVERSION = YES;
				CLANG_WARN_CONSTANT_CONVERSION = YES;
				CLANG_WARN_DIRECT_OBJC_ISA_USAGE = YES_ERROR;
				CLANG_WARN_DOCUMENTATION_COMMENTS = YES;
				CLANG_WARN_EMPTY_BODY = YES;
				CLANG_WARN_ENUM_CONVERSION = YES;
				CLANG_WARN_INFINITE_RECURSION = YES;
				CLANG_WARN_INT_CONVERSION = YES;
				CLANG_WARN_OBJC_ROOT_CLASS = YES_ERROR;
				CLANG_WARN_SUSPICIOUS_MOVE = YES;
				CLANG_WARN_UNREACHABLE_CODE = YES;
				CLANG_WARN__DUPLICATE_METHOD_MATCH = YES;
				"CODE_SIGN_IDENTITY[sdk=iphoneos*]" = "iPhone Developer";
				COPY_PHASE_STRIP = NO;
				DEBUG_INFORMATION_FORMAT = "dwarf-with-dsym";
				ENABLE_NS_ASSERTIONS = NO;
				ENABLE_STRICT_OBJC_MSGSEND = YES;
				GCC_C_LANGUAGE_STANDARD = gnu99;
				GCC_NO_COMMON_BLOCKS = YES;
				GCC_WARN_64_TO_32_BIT_CONVERSION = YES;
				GCC_WARN_ABOUT_RETURN_TYPE = YES_ERROR;
				GCC_WARN_UNDECLARED_SELECTOR = YES;
				GCC_WARN_UNINITIALIZED_AUTOS = YES_AGGRESSIVE;
				GCC_WARN_UNUSED_FUNCTION = YES;
				GCC_WARN_UNUSED_VARIABLE = YES;
				IPHONEOS_DEPLOYMENT_TARGET = 10.2;
				MTL_ENABLE_DEBUG_INFO = NO;
				SDKROOT = iphoneos;
				TARGETED_DEVICE_FAMILY = "1,2";
				VALIDATE_PRODUCT = YES;
			};
			name = Release;
		};
		E1C78CDC1F4D8B41000BEA17 /* Debug */ = {
			isa = XCBuildConfiguration;
			baseConfigurationReference = BE230B8A708D841B485711AD /* Pods-AFAccumulating.debug.xcconfig */;
			buildSettings = {
				ASSETCATALOG_COMPILER_APPICON_NAME = AppIcon;
				DEVELOPMENT_TEAM = 99TJ338Z2H;
				INFOPLIST_FILE = AFAccumulating/Info.plist;
				LD_RUNPATH_SEARCH_PATHS = "$(inherited) @executable_path/Frameworks";
				PRODUCT_BUNDLE_IDENTIFIER = com.legend.AFAccumulating;
				PRODUCT_NAME = "$(TARGET_NAME)";
			};
			name = Debug;
		};
		E1C78CDD1F4D8B41000BEA17 /* Release */ = {
			isa = XCBuildConfiguration;
			baseConfigurationReference = 46FD650EED136C43755DA8AD /* Pods-AFAccumulating.release.xcconfig */;
			buildSettings = {
				ASSETCATALOG_COMPILER_APPICON_NAME = AppIcon;
				DEVELOPMENT_TEAM = 99TJ338Z2H;
				INFOPLIST_FILE = AFAccumulating/Info.plist;
				LD_RUNPATH_SEARCH_PATHS = "$(inherited) @executable_path/Frameworks";
				PRODUCT_BUNDLE_IDENTIFIER = com.legend.AFAccumulating;
				PRODUCT_NAME = "$(TARGET_NAME)";
			};
			name = Release;
		};
		E1C78CDF1F4D8B41000BEA17 /* Debug */ = {
			isa = XCBuildConfiguration;
			baseConfigurationReference = A80E1DB90C61E84B1F5D2DD6 /* Pods-AFAccumulatingUITests.debug.xcconfig */;
			buildSettings = {
				DEVELOPMENT_TEAM = 99TJ338Z2H;
				INFOPLIST_FILE = AFAccumulatingUITests/Info.plist;
				LD_RUNPATH_SEARCH_PATHS = "$(inherited) @executable_path/Frameworks @loader_path/Frameworks";
				PRODUCT_BUNDLE_IDENTIFIER = com.legend.AFAccumulatingUITests;
				PRODUCT_NAME = "$(TARGET_NAME)";
				TEST_TARGET_NAME = AFAccumulating;
			};
			name = Debug;
		};
		E1C78CE01F4D8B41000BEA17 /* Release */ = {
			isa = XCBuildConfiguration;
			baseConfigurationReference = 4F4C982F718CE62900D5AECD /* Pods-AFAccumulatingUITests.release.xcconfig */;
			buildSettings = {
				DEVELOPMENT_TEAM = 99TJ338Z2H;
				INFOPLIST_FILE = AFAccumulatingUITests/Info.plist;
				LD_RUNPATH_SEARCH_PATHS = "$(inherited) @executable_path/Frameworks @loader_path/Frameworks";
				PRODUCT_BUNDLE_IDENTIFIER = com.legend.AFAccumulatingUITests;
				PRODUCT_NAME = "$(TARGET_NAME)";
				TEST_TARGET_NAME = AFAccumulating;
			};
			name = Release;
		};
/* End XCBuildConfiguration section */

/* Begin XCConfigurationList section */
		E1C78CB41F4D8B41000BEA17 /* Build configuration list for PBXProject "AFAccumulating" */ = {
			isa = XCConfigurationList;
			buildConfigurations = (
				E1C78CD91F4D8B41000BEA17 /* Debug */,
				E1C78CDA1F4D8B41000BEA17 /* Release */,
			);
			defaultConfigurationIsVisible = 0;
			defaultConfigurationName = Release;
		};
		E1C78CDB1F4D8B41000BEA17 /* Build configuration list for PBXNativeTarget "AFAccumulating" */ = {
			isa = XCConfigurationList;
			buildConfigurations = (
				E1C78CDC1F4D8B41000BEA17 /* Debug */,
				E1C78CDD1F4D8B41000BEA17 /* Release */,
			);
			defaultConfigurationIsVisible = 0;
			defaultConfigurationName = Release;
		};
		E1C78CDE1F4D8B41000BEA17 /* Build configuration list for PBXNativeTarget "AFAccumulatingUITests" */ = {
			isa = XCConfigurationList;
			buildConfigurations = (
				E1C78CDF1F4D8B41000BEA17 /* Debug */,
				E1C78CE01F4D8B41000BEA17 /* Release */,
			);
			defaultConfigurationIsVisible = 0;
			defaultConfigurationName = Release;
		};
/* End XCConfigurationList section */
	};
	rootObject = E1C78CB11F4D8B41000BEA17 /* Project object */;
}
